
Microsoft Visual Studio Solution File, Format Version 12.00
# Visual Studio Version 17
VisualStudioVersion = 17.0.31903.59
MinimumVisualStudioVersion = 10.0.40219.1
Project("{FAE04EC0-301F-11D3-BF4B-00C04F79EFBC}") = "testapi.Contracts", "testapi.Contracts\testapi.Contracts.csproj", "{1351188D-8EF6-4ECA-83E4-27B69D4980FD}"
EndProject
Project("{FAE04EC0-301F-11D3-BF4B-00C04F79EFBC}") = "testapi", "testapi\testapi.csproj", "{22A50709-5E0E-4FAD-8F93-9D6092B48FC0}"
EndProject
Global
	GlobalSection(SolutionConfigurationPlatforms) = preSolution
		Debug|Any CPU = Debug|Any CPU
		Release|Any CPU = Release|Any CPU
	EndGlobalSection
	GlobalSection(SolutionProperties) = preSolution
		HideSolutionNode = FALSE
	EndGlobalSection
	GlobalSection(ProjectConfigurationPlatforms) = postSolution
		{1351188D-8EF6-4ECA-83E4-27B69D4980FD}.Debug|Any CPU.ActiveCfg = Debug|Any CPU
		{1351188D-8EF6-4ECA-83E4-27B69D4980FD}.Debug|Any CPU.Build.0 = Debug|Any CPU
		{1351188D-8EF6-4ECA-83E4-27B69D4980FD}.Release|Any CPU.ActiveCfg = Release|Any CPU
		{1351188D-8EF6-4ECA-83E4-27B69D4980FD}.Release|Any CPU.Build.0 = Release|Any CPU
		{22A50709-5E0E-4FAD-8F93-9D6092B48FC0}.Debug|Any CPU.ActiveCfg = Debug|Any CPU
		{22A50709-5E0E-4FAD-8F93-9D6092B48FC0}.Debug|Any CPU.Build.0 = Debug|Any CPU
		{22A50709-5E0E-4FAD-8F93-9D6092B48FC0}.Release|Any CPU.ActiveCfg = Release|Any CPU
		{22A50709-5E0E-4FAD-8F93-9D6092B48FC0}.Release|Any CPU.Build.0 = Release|Any CPU
	EndGlobalSection
EndGlobal
